// !$*UTF8*$!
{
	archiveVersion = 1;
	classes = {
	};
	objectVersion = 46;
	objects = {

/* Begin PBXBuildFile section */
		189766E11AC9CDD900B84979 /* main.swift in Sources */ = {isa = PBXBuildFile; fileRef = 189766E01AC9CDD900B84979 /* main.swift */; };
/* End PBXBuildFile section */

/* Begin PBXCopyFilesBuildPhase section */
		189766DB1AC9CDD900B84979 /* CopyFiles */ = {
			isa = PBXCopyFilesBuildPhase;
			buildActionMask = 2147483647;
			dstPath = /usr/share/man/man1/;
			dstSubfolderSpec = 0;
			files = (
			);
			runOnlyForDeploymentPostprocessing = 1;
		};
/* End PBXCopyFilesBuildPhase section */

/* Begin PBXFileReference section */
		189766DD1AC9CDD900B84979 /* declaracionVariables */ = {isa = PBXFileReference; explicitFileType = "compiled.mach-o.executable"; includeInIndex = 0; path = declaracionVariables; sourceTree = BUILT_PRODUCTS_DIR; };
		189766E01AC9CDD900B84979 /* main.swift */ = {isa = PBXFileReference; lastKnownFileType = sourcecode.swift; path = main.swift; sourceTree = "<group>"; };
/* End PBXFileReference section */

/* Begin PBXFrameworksBuildPhase section */
		189766DA1AC9CDD900B84979 /* Frameworks */ = {
			isa = PBXFrameworksBuildPhase;
			buildActionMask = 2147483647;
			files = (
			);
			runOnlyForDeploymentPostprocessing = 0;
		};
/* End PBXFrameworksBuildPhase section */

/* Begin PBXGroup section */
		189766D41AC9CDD900B84979 = {
			isa = PBXGroup;
			children = (
				189766DF1AC9CDD900B84979 /* declaracionVariables */,
				189766DE1AC9CDD900B84979 /* Products */,
			);
			sourceTree = "<group>";
		};
		189766DE1AC9CDD900B84979 /* Products */ = {
			isa = PBXGroup;
			children = (
				189766DD1AC9CDD900B84979 /* declaracionVariables */,
			);
			name = Products;
			sourceTree = "<group>";
		};
		189766DF1AC9CDD900B84979 /* declaracionVariables */ = {
			isa = PBXGroup;
			children = (
				189766E01AC9CDD900B84979 /* main.swift */,
			);
			path = declaracionVariables;
			sourceTree = "<group>";
		};
/* End PBXGroup section */

/* Begin PBXNativeTarget section */
		189766DC1AC9CDD900B84979 /* declaracionVariables */ = {
			isa = PBXNativeTarget;
			buildConfigurationList = 189766E41AC9CDD900B84979 /* Build configuration list for PBXNativeTarget "declaracionVariables" */;
			buildPhases = (
				189766D91AC9CDD900B84979 /* Sources */,
				189766DA1AC9CDD900B84979 /* Frameworks */,
				189766DB1AC9CDD900B84979 /* CopyFiles */,
			);
			buildRules = (
			);
			dependencies = (
			);
			name = declaracionVariables;
			productName = declaracionVariables;
			productReference = 189766DD1AC9CDD900B84979 /* declaracionVariables */;
			productType = "com.apple.product-type.tool";
		};
/* End PBXNativeTarget section */

/* Begin PBXProject section */
		189766D51AC9CDD900B84979 /* Project object */ = {
			isa = PBXProject;
			attributes = {
				LastUpgradeCheck = 0620;
				ORGANIZATIONNAME = "Joaquin Garcia tristan";
				TargetAttributes = {
					189766DC1AC9CDD900B84979 = {
						CreatedOnToolsVersion = 6.2;
					};
				};
			};
			buildConfigurationList = 189766D81AC9CDD900B84979 /* Build configuration list for PBXProject "declaracionVariables" */;
			compatibilityVersion = "Xcode 3.2";
			developmentRegion = English;
			hasScannedForEncodings = 0;
			knownRegions = (
				en,
			);
			mainGroup = 189766D41AC9CDD900B84979;
			productRefGroup = 189766DE1AC9CDD900B84979 /* Products */;
			projectDirPath = "";
			projectRoot = "";
			targets = (
				189766DC1AC9CDD900B84979 /* declaracionVariables */,
			);
		};
/* End PBXProject section */

/* Begin PBXSourcesBuildPhase section */
		189766D91AC9CDD900B84979 /* Sources */ = {
			isa = PBXSourcesBuildPhase;
			buildActionMask = 2147483647;
			files = (
				189766E11AC9CDD900B84979 /* main.swift in Sources */,
			);
			runOnlyForDeploymentPostprocessing = 0;
		};
/* End PBXSourcesBuildPhase section */

/* Begin XCBuildConfiguration section */
		189766E21AC9CDD900B84979 /* Debug */ = {
			isa = XCBuildConfiguration;
			buildSettings = {
				ALWAYS_SEARCH_USER_PATHS = NO;
				CLANG_CXX_LANGUAGE_STANDARD = "gnu++0x";
				CLANG_CXX_LIBRARY = "libc++";
				CLANG_ENABLE_MODULES = YES;
				CLANG_ENABLE_OBJC_ARC = YES;
				CLANG_WARN_BOOL_CONVERSION = YES;
				CLANG_WARN_CONSTANT_CONVERSION = YES;
				CLANG_WARN_DIRECT_OBJC_ISA_USAGE = YES_ERROR;
				CLANG_WARN_EMPTY_BODY = YES;
				CLANG_WARN_ENUM_CONVERSION = YES;
				CLANG_WARN_INT_CONVERSION = YES;
				CLANG_WARN_OBJC_ROOT_CLASS = YES_ERROR;
				CLANG_WARN_UNREACHABLE_CODE = YES;
				CLANG_WARN__DUPLICATE_METHOD_MATCH = YES;
				COPY_PHASE_STRIP = NO;
				ENABLE_STRICT_OBJC_MSGSEND = YES;
				GCC_C_LANGUAGE_STANDARD = gnu99;
				GCC_DYNAMIC_NO_PIC = NO;
				GCC_OPTIMIZATION_LEVEL = 0;
				GCC_PREPROCESSOR_DEFINITIONS = (
					"DEBUG=1",
					"$(inherited)",
				);
				GCC_SYMBOLS_PRIVATE_EXTERN = NO;
				GCC_WARN_64_TO_32_BIT_CONVERSION = YES;
				GCC_WARN_ABOUT_RETURN_TYPE = YES_ERROR;
				GCC_WARN_UNDECLARED_SELECTOR = YES;
				GCC_WARN_UNINITIALIZED_AUTOS = YES_AGGRESSIVE;
				GCC_WARN_UNUSED_FUNCTION = YES;
				GCC_WARN_UNUSED_VARIABLE = YES;
				MACOSX_DEPLOYMENT_TARGET = 10.10;
				MTL_ENABLE_DEBUG_INFO = YES;
				ONLY_ACTIVE_ARCH = YES;
				SDKROOT = macosx;
				SWIFT_OPTIMIZATION_LEVEL = "-Onone";
			};
			name = Debug;
		};
		189766E31AC9CDD900B84979 /* Release */ = {
			isa = XCBuildConfiguration;
			buildSettings = {
				ALWAYS_SEARCH_USER_PATHS = NO;
				CLANG_CXX_LANGUAGE_STANDARD = "gnu++0x";
				CLANG_CXX_LIBRARY = "libc++";
				CLANG_ENABLE_MODULES = YES;
				CLANG_ENABLE_OBJC_ARC = YES;
				CLANG_WARN_BOOL_CONVERSION = YES;
				CLANG_WARN_CONSTANT_CONVERSION = YES;
				CLANG_WARN_DIRECT_OBJC_ISA_USAGE = YES_ERROR;
				CLANG_WARN_EMPTY_BODY = YES;
				CLANG_WARN_ENUM_CONVERSION = YES;
				CLANG_WARN_INT_CONVERSION = YES;
				CLANG_WARN_OBJC_ROOT_CLASS = YES_ERROR;
				CLANG_WARN_UNREACHABLE_CODE = YES;
				CLANG_WARN__DUPLICATE_METHOD_MATCH = YES;
				COPY_PHASE_STRIP = NO;
				DEBUG_INFORMATION_FORMAT = "dwarf-with-dsym";
				ENABLE_NS_ASSERTIONS = NO;
				ENABLE_STRICT_OBJC_MSGSEND = YES;
				GCC_C_LANGUAGE_STANDARD = gnu99;
				GCC_WARN_64_TO_32_BIT_CONVERSION = YES;
				GCC_WARN_ABOUT_RETURN_TYPE = YES_ERROR;
				GCC_WARN_UNDECLARED_SELECTOR = YES;
				GCC_WARN_UNINITIALIZED_AUTOS = YES_AGGRESSIVE;
				GCC_WARN_UNUSED_FUNCTION = YES;
				GCC_WARN_UNUSED_VARIABLE = YES;
				MACOSX_DEPLOYMENT_TARGET = 10.10;
				MTL_ENABLE_DEBUG_INFO = NO;
				SDKROOT = macosx;
			};
			name = Release;
		};
		189766E51AC9CDD900B84979 /* Debug */ = {
			isa = XCBuildConfiguration;
			buildSettings = {
				PRODUCT_NAME = "$(TARGET_NAME)";
			};
			name = Debug;
		};
		189766E61AC9CDD900B84979 /* Release */ = {
			isa = XCBuildConfiguration;
			buildSettings = {
				PRODUCT_NAME = "$(TARGET_NAME)";
			};
			name = Release;
		};
/* End XCBuildConfiguration section */

/* Begin XCConfigurationList section */
		189766D81AC9CDD900B84979 /* Build configuration list for PBXProject "declaracionVariables" */ = {
			isa = XCConfigurationList;
			buildConfigurations = (
				189766E21AC9CDD900B84979 /* Debug */,
				189766E31AC9CDD900B84979 /* Release */,
			);
			defaultConfigurationIsVisible = 0;
			defaultConfigurationName = Release;
		};
		189766E41AC9CDD900B84979 /* Build configuration list for PBXNativeTarget "declaracionVariables" */ = {
			isa = XCConfigurationList;
			buildConfigurations = (
				189766E51AC9CDD900B84979 /* Debug */,
				189766E61AC9CDD900B84979 /* Release */,
			);
			defaultConfigurationIsVisible = 0;
		};
/* End XCConfigurationList section */
	};
	rootObject = 189766D51AC9CDD900B84979 /* Project object */;
}
