// !$*UTF8*$!
{
	archiveVersion = 1;
	classes = {
	};
	objectVersion = 46;
	objects = {

/* Begin PBXBuildFile section */
		189766B51AC9C86700B84979 /* AppDelegate.swift in Sources */ = {isa = PBXBuildFile; fileRef = 189766B41AC9C86700B84979 /* AppDelegate.swift */; };
		189766B71AC9C86700B84979 /* ViewController.swift in Sources */ = {isa = PBXBuildFile; fileRef = 189766B61AC9C86700B84979 /* ViewController.swift */; };
		189766BA1AC9C86700B84979 /* Main.storyboard in Resources */ = {isa = PBXBuildFile; fileRef = 189766B81AC9C86700B84979 /* Main.storyboard */; };
		189766BC1AC9C86700B84979 /* Images.xcassets in Resources */ = {isa = PBXBuildFile; fileRef = 189766BB1AC9C86700B84979 /* Images.xcassets */; };
		189766BF1AC9C86700B84979 /* LaunchScreen.xib in Resources */ = {isa = PBXBuildFile; fileRef = 189766BD1AC9C86700B84979 /* LaunchScreen.xib */; };
		189766CB1AC9C86700B84979 /* pruebaIOSTests.swift in Sources */ = {isa = PBXBuildFile; fileRef = 189766CA1AC9C86700B84979 /* pruebaIOSTests.swift */; };
/* End PBXBuildFile section */

/* Begin PBXContainerItemProxy section */
		189766C51AC9C86700B84979 /* PBXContainerItemProxy */ = {
			isa = PBXContainerItemProxy;
			containerPortal = 189766A71AC9C86700B84979 /* Project object */;
			proxyType = 1;
			remoteGlobalIDString = 189766AE1AC9C86700B84979;
			remoteInfo = pruebaIOS;
		};
/* End PBXContainerItemProxy section */

/* Begin PBXFileReference section */
		189766AF1AC9C86700B84979 /* pruebaIOS.app */ = {isa = PBXFileReference; explicitFileType = wrapper.application; includeInIndex = 0; path = pruebaIOS.app; sourceTree = BUILT_PRODUCTS_DIR; };
		189766B31AC9C86700B84979 /* Info.plist */ = {isa = PBXFileReference; lastKnownFileType = text.plist.xml; path = Info.plist; sourceTree = "<group>"; };
		189766B41AC9C86700B84979 /* AppDelegate.swift */ = {isa = PBXFileReference; lastKnownFileType = sourcecode.swift; path = AppDelegate.swift; sourceTree = "<group>"; };
		189766B61AC9C86700B84979 /* ViewController.swift */ = {isa = PBXFileReference; lastKnownFileType = sourcecode.swift; path = ViewController.swift; sourceTree = "<group>"; };
		189766B91AC9C86700B84979 /* Base */ = {isa = PBXFileReference; lastKnownFileType = file.storyboard; name = Base; path = Base.lproj/Main.storyboard; sourceTree = "<group>"; };
		189766BB1AC9C86700B84979 /* Images.xcassets */ = {isa = PBXFileReference; lastKnownFileType = folder.assetcatalog; path = Images.xcassets; sourceTree = "<group>"; };
		189766BE1AC9C86700B84979 /* Base */ = {isa = PBXFileReference; lastKnownFileType = file.xib; name = Base; path = Base.lproj/LaunchScreen.xib; sourceTree = "<group>"; };
		189766C41AC9C86700B84979 /* pruebaIOSTests.xctest */ = {isa = PBXFileReference; explicitFileType = wrapper.cfbundle; includeInIndex = 0; path = pruebaIOSTests.xctest; sourceTree = BUILT_PRODUCTS_DIR; };
		189766C91AC9C86700B84979 /* Info.plist */ = {isa = PBXFileReference; lastKnownFileType = text.plist.xml; path = Info.plist; sourceTree = "<group>"; };
		189766CA1AC9C86700B84979 /* pruebaIOSTests.swift */ = {isa = PBXFileReference; lastKnownFileType = sourcecode.swift; path = pruebaIOSTests.swift; sourceTree = "<group>"; };
/* End PBXFileReference section */

/* Begin PBXFrameworksBuildPhase section */
		189766AC1AC9C86700B84979 /* Frameworks */ = {
			isa = PBXFrameworksBuildPhase;
			buildActionMask = 2147483647;
			files = (
			);
			runOnlyForDeploymentPostprocessing = 0;
		};
		189766C11AC9C86700B84979 /* Frameworks */ = {
			isa = PBXFrameworksBuildPhase;
			buildActionMask = 2147483647;
			files = (
			);
			runOnlyForDeploymentPostprocessing = 0;
		};
/* End PBXFrameworksBuildPhase section */

/* Begin PBXGroup section */
		189766A61AC9C86700B84979 = {
			isa = PBXGroup;
			children = (
				189766B11AC9C86700B84979 /* pruebaIOS */,
				189766C71AC9C86700B84979 /* pruebaIOSTests */,
				189766B01AC9C86700B84979 /* Products */,
			);
			sourceTree = "<group>";
		};
		189766B01AC9C86700B84979 /* Products */ = {
			isa = PBXGroup;
			children = (
				189766AF1AC9C86700B84979 /* pruebaIOS.app */,
				189766C41AC9C86700B84979 /* pruebaIOSTests.xctest */,
			);
			name = Products;
			sourceTree = "<group>";
		};
		189766B11AC9C86700B84979 /* pruebaIOS */ = {
			isa = PBXGroup;
			children = (
				189766B41AC9C86700B84979 /* AppDelegate.swift */,
				189766B61AC9C86700B84979 /* ViewController.swift */,
				189766B81AC9C86700B84979 /* Main.storyboard */,
				189766BB1AC9C86700B84979 /* Images.xcassets */,
				189766BD1AC9C86700B84979 /* LaunchScreen.xib */,
				189766B21AC9C86700B84979 /* Supporting Files */,
			);
			path = pruebaIOS;
			sourceTree = "<group>";
		};
		189766B21AC9C86700B84979 /* Supporting Files */ = {
			isa = PBXGroup;
			children = (
				189766B31AC9C86700B84979 /* Info.plist */,
			);
			name = "Supporting Files";
			sourceTree = "<group>";
		};
		189766C71AC9C86700B84979 /* pruebaIOSTests */ = {
			isa = PBXGroup;
			children = (
				189766CA1AC9C86700B84979 /* pruebaIOSTests.swift */,
				189766C81AC9C86700B84979 /* Supporting Files */,
			);
			path = pruebaIOSTests;
			sourceTree = "<group>";
		};
		189766C81AC9C86700B84979 /* Supporting Files */ = {
			isa = PBXGroup;
			children = (
				189766C91AC9C86700B84979 /* Info.plist */,
			);
			name = "Supporting Files";
			sourceTree = "<group>";
		};
/* End PBXGroup section */

/* Begin PBXNativeTarget section */
		189766AE1AC9C86700B84979 /* pruebaIOS */ = {
			isa = PBXNativeTarget;
			buildConfigurationList = 189766CE1AC9C86700B84979 /* Build configuration list for PBXNativeTarget "pruebaIOS" */;
			buildPhases = (
				189766AB1AC9C86700B84979 /* Sources */,
				189766AC1AC9C86700B84979 /* Frameworks */,
				189766AD1AC9C86700B84979 /* Resources */,
			);
			buildRules = (
			);
			dependencies = (
			);
			name = pruebaIOS;
			productName = pruebaIOS;
			productReference = 189766AF1AC9C86700B84979 /* pruebaIOS.app */;
			productType = "com.apple.product-type.application";
		};
		189766C31AC9C86700B84979 /* pruebaIOSTests */ = {
			isa = PBXNativeTarget;
			buildConfigurationList = 189766D11AC9C86700B84979 /* Build configuration list for PBXNativeTarget "pruebaIOSTests" */;
			buildPhases = (
				189766C01AC9C86700B84979 /* Sources */,
				189766C11AC9C86700B84979 /* Frameworks */,
				189766C21AC9C86700B84979 /* Resources */,
			);
			buildRules = (
			);
			dependencies = (
				189766C61AC9C86700B84979 /* PBXTargetDependency */,
			);
			name = pruebaIOSTests;
			productName = pruebaIOSTests;
			productReference = 189766C41AC9C86700B84979 /* pruebaIOSTests.xctest */;
			productType = "com.apple.product-type.bundle.unit-test";
		};
/* End PBXNativeTarget section */

/* Begin PBXProject section */
		189766A71AC9C86700B84979 /* Project object */ = {
			isa = PBXProject;
			attributes = {
				LastUpgradeCheck = 0620;
				ORGANIZATIONNAME = "Joaquin Garcia tristan";
				TargetAttributes = {
					189766AE1AC9C86700B84979 = {
						CreatedOnToolsVersion = 6.2;
					};
					189766C31AC9C86700B84979 = {
						CreatedOnToolsVersion = 6.2;
						TestTargetID = 189766AE1AC9C86700B84979;
					};
				};
			};
			buildConfigurationList = 189766AA1AC9C86700B84979 /* Build configuration list for PBXProject "pruebaIOS" */;
			compatibilityVersion = "Xcode 3.2";
			developmentRegion = English;
			hasScannedForEncodings = 0;
			knownRegions = (
				en,
				Base,
			);
			mainGroup = 189766A61AC9C86700B84979;
			productRefGroup = 189766B01AC9C86700B84979 /* Products */;
			projectDirPath = "";
			projectRoot = "";
			targets = (
				189766AE1AC9C86700B84979 /* pruebaIOS */,
				189766C31AC9C86700B84979 /* pruebaIOSTests */,
			);
		};
/* End PBXProject section */

/* Begin PBXResourcesBuildPhase section */
		189766AD1AC9C86700B84979 /* Resources */ = {
			isa = PBXResourcesBuildPhase;
			buildActionMask = 2147483647;
			files = (
				189766BA1AC9C86700B84979 /* Main.storyboard in Resources */,
				189766BF1AC9C86700B84979 /* LaunchScreen.xib in Resources */,
				189766BC1AC9C86700B84979 /* Images.xcassets in Resources */,
			);
			runOnlyForDeploymentPostprocessing = 0;
		};
		189766C21AC9C86700B84979 /* Resources */ = {
			isa = PBXResourcesBuildPhase;
			buildActionMask = 2147483647;
			files = (
			);
			runOnlyForDeploymentPostprocessing = 0;
		};
/* End PBXResourcesBuildPhase section */

/* Begin PBXSourcesBuildPhase section */
		189766AB1AC9C86700B84979 /* Sources */ = {
			isa = PBXSourcesBuildPhase;
			buildActionMask = 2147483647;
			files = (
				189766B71AC9C86700B84979 /* ViewController.swift in Sources */,
				189766B51AC9C86700B84979 /* AppDelegate.swift in Sources */,
			);
			runOnlyForDeploymentPostprocessing = 0;
		};
		189766C01AC9C86700B84979 /* Sources */ = {
			isa = PBXSourcesBuildPhase;
			buildActionMask = 2147483647;
			files = (
				189766CB1AC9C86700B84979 /* pruebaIOSTests.swift in Sources */,
			);
			runOnlyForDeploymentPostprocessing = 0;
		};
/* End PBXSourcesBuildPhase section */

/* Begin PBXTargetDependency section */
		189766C61AC9C86700B84979 /* PBXTargetDependency */ = {
			isa = PBXTargetDependency;
			target = 189766AE1AC9C86700B84979 /* pruebaIOS */;
			targetProxy = 189766C51AC9C86700B84979 /* PBXContainerItemProxy */;
		};
/* End PBXTargetDependency section */

/* Begin PBXVariantGroup section */
		189766B81AC9C86700B84979 /* Main.storyboard */ = {
			isa = PBXVariantGroup;
			children = (
				189766B91AC9C86700B84979 /* Base */,
			);
			name = Main.storyboard;
			sourceTree = "<group>";
		};
		189766BD1AC9C86700B84979 /* LaunchScreen.xib */ = {
			isa = PBXVariantGroup;
			children = (
				189766BE1AC9C86700B84979 /* Base */,
			);
			name = LaunchScreen.xib;
			sourceTree = "<group>";
		};
/* End PBXVariantGroup section */

/* Begin XCBuildConfiguration section */
		189766CC1AC9C86700B84979 /* Debug */ = {
			isa = XCBuildConfiguration;
			buildSettings = {
				ALWAYS_SEARCH_USER_PATHS = NO;
				CLANG_CXX_LANGUAGE_STANDARD = "gnu++0x";
				CLANG_CXX_LIBRARY = "libc++";
				CLANG_ENABLE_MODULES = YES;
				CLANG_ENABLE_OBJC_ARC = YES;
				CLANG_WARN_BOOL_CONVERSION = YES;
				CLANG_WARN_CONSTANT_CONVERSION = YES;
				CLANG_WARN_DIRECT_OBJC_ISA_USAGE = YES_ERROR;
				CLANG_WARN_EMPTY_BODY = YES;
				CLANG_WARN_ENUM_CONVERSION = YES;
				CLANG_WARN_INT_CONVERSION = YES;
				CLANG_WARN_OBJC_ROOT_CLASS = YES_ERROR;
				CLANG_WARN_UNREACHABLE_CODE = YES;
				CLANG_WARN__DUPLICATE_METHOD_MATCH = YES;
				"CODE_SIGN_IDENTITY[sdk=iphoneos*]" = "iPhone Developer";
				COPY_PHASE_STRIP = NO;
				ENABLE_STRICT_OBJC_MSGSEND = YES;
				GCC_C_LANGUAGE_STANDARD = gnu99;
				GCC_DYNAMIC_NO_PIC = NO;
				GCC_OPTIMIZATION_LEVEL = 0;
				GCC_PREPROCESSOR_DEFINITIONS = (
					"DEBUG=1",
					"$(inherited)",
				);
				GCC_SYMBOLS_PRIVATE_EXTERN = NO;
				GCC_WARN_64_TO_32_BIT_CONVERSION = YES;
				GCC_WARN_ABOUT_RETURN_TYPE = YES_ERROR;
				GCC_WARN_UNDECLARED_SELECTOR = YES;
				GCC_WARN_UNINITIALIZED_AUTOS = YES_AGGRESSIVE;
				GCC_WARN_UNUSED_FUNCTION = YES;
				GCC_WARN_UNUSED_VARIABLE = YES;
				IPHONEOS_DEPLOYMENT_TARGET = 8.2;
				MTL_ENABLE_DEBUG_INFO = YES;
				ONLY_ACTIVE_ARCH = YES;
				SDKROOT = iphoneos;
				SWIFT_OPTIMIZATION_LEVEL = "-Onone";
			};
			name = Debug;
		};
		189766CD1AC9C86700B84979 /* Release */ = {
			isa = XCBuildConfiguration;
			buildSettings = {
				ALWAYS_SEARCH_USER_PATHS = NO;
				CLANG_CXX_LANGUAGE_STANDARD = "gnu++0x";
				CLANG_CXX_LIBRARY = "libc++";
				CLANG_ENABLE_MODULES = YES;
				CLANG_ENABLE_OBJC_ARC = YES;
				CLANG_WARN_BOOL_CONVERSION = YES;
				CLANG_WARN_CONSTANT_CONVERSION = YES;
				CLANG_WARN_DIRECT_OBJC_ISA_USAGE = YES_ERROR;
				CLANG_WARN_EMPTY_BODY = YES;
				CLANG_WARN_ENUM_CONVERSION = YES;
				CLANG_WARN_INT_CONVERSION = YES;
				CLANG_WARN_OBJC_ROOT_CLASS = YES_ERROR;
				CLANG_WARN_UNREACHABLE_CODE = YES;
				CLANG_WARN__DUPLICATE_METHOD_MATCH = YES;
				"CODE_SIGN_IDENTITY[sdk=iphoneos*]" = "iPhone Developer";
				COPY_PHASE_STRIP = NO;
				ENABLE_NS_ASSERTIONS = NO;
				ENABLE_STRICT_OBJC_MSGSEND = YES;
				GCC_C_LANGUAGE_STANDARD = gnu99;
				GCC_WARN_64_TO_32_BIT_CONVERSION = YES;
				GCC_WARN_ABOUT_RETURN_TYPE = YES_ERROR;
				GCC_WARN_UNDECLARED_SELECTOR = YES;
				GCC_WARN_UNINITIALIZED_AUTOS = YES_AGGRESSIVE;
				GCC_WARN_UNUSED_FUNCTION = YES;
				GCC_WARN_UNUSED_VARIABLE = YES;
				IPHONEOS_DEPLOYMENT_TARGET = 8.2;
				MTL_ENABLE_DEBUG_INFO = NO;
				SDKROOT = iphoneos;
				VALIDATE_PRODUCT = YES;
			};
			name = Release;
		};
		189766CF1AC9C86700B84979 /* Debug */ = {
			isa = XCBuildConfiguration;
			buildSettings = {
				ASSETCATALOG_COMPILER_APPICON_NAME = AppIcon;
				INFOPLIST_FILE = pruebaIOS/Info.plist;
				LD_RUNPATH_SEARCH_PATHS = "$(inherited) @executable_path/Frameworks";
				PRODUCT_NAME = "$(TARGET_NAME)";
			};
			name = Debug;
		};
		189766D01AC9C86700B84979 /* Release */ = {
			isa = XCBuildConfiguration;
			buildSettings = {
				ASSETCATALOG_COMPILER_APPICON_NAME = AppIcon;
				INFOPLIST_FILE = pruebaIOS/Info.plist;
				LD_RUNPATH_SEARCH_PATHS = "$(inherited) @executable_path/Frameworks";
				PRODUCT_NAME = "$(TARGET_NAME)";
			};
			name = Release;
		};
		189766D21AC9C86700B84979 /* Debug */ = {
			isa = XCBuildConfiguration;
			buildSettings = {
				BUNDLE_LOADER = "$(TEST_HOST)";
				FRAMEWORK_SEARCH_PATHS = (
					"$(SDKROOT)/Developer/Library/Frameworks",
					"$(inherited)",
				);
				GCC_PREPROCESSOR_DEFINITIONS = (
					"DEBUG=1",
					"$(inherited)",
				);
				INFOPLIST_FILE = pruebaIOSTests/Info.plist;
				LD_RUNPATH_SEARCH_PATHS = "$(inherited) @executable_path/Frameworks @loader_path/Frameworks";
				PRODUCT_NAME = "$(TARGET_NAME)";
				TEST_HOST = "$(BUILT_PRODUCTS_DIR)/pruebaIOS.app/pruebaIOS";
			};
			name = Debug;
		};
		189766D31AC9C86700B84979 /* Release */ = {
			isa = XCBuildConfiguration;
			buildSettings = {
				BUNDLE_LOADER = "$(TEST_HOST)";
				FRAMEWORK_SEARCH_PATHS = (
					"$(SDKROOT)/Developer/Library/Frameworks",
					"$(inherited)",
				);
				INFOPLIST_FILE = pruebaIOSTests/Info.plist;
				LD_RUNPATH_SEARCH_PATHS = "$(inherited) @executable_path/Frameworks @loader_path/Frameworks";
				PRODUCT_NAME = "$(TARGET_NAME)";
				TEST_HOST = "$(BUILT_PRODUCTS_DIR)/pruebaIOS.app/pruebaIOS";
			};
			name = Release;
		};
/* End XCBuildConfiguration section */

/* Begin XCConfigurationList section */
		189766AA1AC9C86700B84979 /* Build configuration list for PBXProject "pruebaIOS" */ = {
			isa = XCConfigurationList;
			buildConfigurations = (
				189766CC1AC9C86700B84979 /* Debug */,
				189766CD1AC9C86700B84979 /* Release */,
			);
			defaultConfigurationIsVisible = 0;
			defaultConfigurationName = Release;
		};
		189766CE1AC9C86700B84979 /* Build configuration list for PBXNativeTarget "pruebaIOS" */ = {
			isa = XCConfigurationList;
			buildConfigurations = (
				189766CF1AC9C86700B84979 /* Debug */,
				189766D01AC9C86700B84979 /* Release */,
			);
			defaultConfigurationIsVisible = 0;
		};
		189766D11AC9C86700B84979 /* Build configuration list for PBXNativeTarget "pruebaIOSTests" */ = {
			isa = XCConfigurationList;
			buildConfigurations = (
				189766D21AC9C86700B84979 /* Debug */,
				189766D31AC9C86700B84979 /* Release */,
			);
			defaultConfigurationIsVisible = 0;
		};
/* End XCConfigurationList section */
	};
	rootObject = 189766A71AC9C86700B84979 /* Project object */;
}
